
Microsoft Visual Studio Solution File, Format Version 12.00
# Visual Studio Version 16
VisualStudioVersion = 16.0.32929.386
MinimumVisualStudioVersion = 10.0.40219.1
Project("{8BC9CEB8-8B4A-11D0-8D11-00A0C91BC942}") = "multi_modal", "multi_modal.vcxproj", "{AB1D0F00-EB75-36BA-88A8-B0E755C4FF8F}"
EndProject
Global
	GlobalSection(SolutionConfigurationPlatforms) = preSolution
		Debug|x64 = Debug|x64
		Release|x64 = Release|x64
	EndGlobalSection
	GlobalSection(ProjectConfigurationPlatforms) = postSolution
		{AB1D0F00-EB75-36BA-88A8-B0E755C4FF8F}.Debug|x64.ActiveCfg = Debug|x64
		{AB1D0F00-EB75-36BA-88A8-B0E755C4FF8F}.Debug|x64.Build.0 = Debug|x64
		{AB1D0F00-EB75-36BA-88A8-B0E755C4FF8F}.Release|x64.ActiveCfg = Release|x64
		{AB1D0F00-EB75-36BA-88A8-B0E755C4FF8F}.Release|x64.Build.0 = Release|x64
	EndGlobalSection
	GlobalSection(SolutionProperties) = preSolution
		HideSolutionNode = FALSE
	EndGlobalSection
	GlobalSection(ExtensibilityGlobals) = postSolution
		SolutionGuid = {F0005C21-BBA0-493B-91C2-2EA818258B0B}
	EndGlobalSection
EndGlobal
